// !$*UTF8*$!
{
	archiveVersion = 1;
	classes = {
	};
	objectVersion = 56;
	objects = {

/* Begin PBXBuildFile section */
		9E62B15A2ADD831A00AC2AD2 /* AirbnbApp.swift in Sources */ = {isa = PBXBuildFile; fileRef = 9E62B1592ADD831A00AC2AD2 /* AirbnbApp.swift */; };
		9E62B15C2ADD831A00AC2AD2 /* ContentView.swift in Sources */ = {isa = PBXBuildFile; fileRef = 9E62B15B2ADD831A00AC2AD2 /* ContentView.swift */; };
		9E62B15E2ADD831B00AC2AD2 /* Assets.xcassets in Resources */ = {isa = PBXBuildFile; fileRef = 9E62B15D2ADD831B00AC2AD2 /* Assets.xcassets */; };
		9E62B1612ADD831B00AC2AD2 /* Preview Assets.xcassets in Resources */ = {isa = PBXBuildFile; fileRef = 9E62B1602ADD831B00AC2AD2 /* Preview Assets.xcassets */; };
		9E62B16C2ADD857700AC2AD2 /* APIService.swift in Sources */ = {isa = PBXBuildFile; fileRef = 9E62B16B2ADD857700AC2AD2 /* APIService.swift */; };
		9E62B16E2ADD867D00AC2AD2 /* AirbnbListingsView.swift in Sources */ = {isa = PBXBuildFile; fileRef = 9E62B16D2ADD867D00AC2AD2 /* AirbnbListingsView.swift */; };
		9E62B1702ADD86CC00AC2AD2 /* AirbnbListingCardView.swift in Sources */ = {isa = PBXBuildFile; fileRef = 9E62B16F2ADD86CC00AC2AD2 /* AirbnbListingCardView.swift */; };
		9E62B1722ADD874000AC2AD2 /* AirbnbDetailView.swift in Sources */ = {isa = PBXBuildFile; fileRef = 9E62B1712ADD874000AC2AD2 /* AirbnbDetailView.swift */; };
		9E62B1742ADD877C00AC2AD2 /* AirbnbListingsResponse.swift in Sources */ = {isa = PBXBuildFile; fileRef = 9E62B1732ADD877C00AC2AD2 /* AirbnbListingsResponse.swift */; };
		9E62B1762ADD879200AC2AD2 /* AirbnbListing.swift in Sources */ = {isa = PBXBuildFile; fileRef = 9E62B1752ADD879200AC2AD2 /* AirbnbListing.swift */; };
		9E62B1782ADD8E8800AC2AD2 /* AirbnbListingsViewViewModel.swift in Sources */ = {isa = PBXBuildFile; fileRef = 9E62B1772ADD8E8800AC2AD2 /* AirbnbListingsViewViewModel.swift */; };
/* End PBXBuildFile section */

/* Begin PBXFileReference section */
		9E62B1562ADD831A00AC2AD2 /* Airbnb.app */ = {isa = PBXFileReference; explicitFileType = wrapper.application; includeInIndex = 0; path = Airbnb.app; sourceTree = BUILT_PRODUCTS_DIR; };
		9E62B1592ADD831A00AC2AD2 /* AirbnbApp.swift */ = {isa = PBXFileReference; lastKnownFileType = sourcecode.swift; path = AirbnbApp.swift; sourceTree = "<group>"; };
		9E62B15B2ADD831A00AC2AD2 /* ContentView.swift */ = {isa = PBXFileReference; lastKnownFileType = sourcecode.swift; path = ContentView.swift; sourceTree = "<group>"; };
		9E62B15D2ADD831B00AC2AD2 /* Assets.xcassets */ = {isa = PBXFileReference; lastKnownFileType = folder.assetcatalog; path = Assets.xcassets; sourceTree = "<group>"; };
		9E62B1602ADD831B00AC2AD2 /* Preview Assets.xcassets */ = {isa = PBXFileReference; lastKnownFileType = folder.assetcatalog; path = "Preview Assets.xcassets"; sourceTree = "<group>"; };
		9E62B16B2ADD857700AC2AD2 /* APIService.swift */ = {isa = PBXFileReference; lastKnownFileType = sourcecode.swift; path = APIService.swift; sourceTree = "<group>"; };
		9E62B16D2ADD867D00AC2AD2 /* AirbnbListingsView.swift */ = {isa = PBXFileReference; lastKnownFileType = sourcecode.swift; path = AirbnbListingsView.swift; sourceTree = "<group>"; };
		9E62B16F2ADD86CC00AC2AD2 /* AirbnbListingCardView.swift */ = {isa = PBXFileReference; lastKnownFileType = sourcecode.swift; path = AirbnbListingCardView.swift; sourceTree = "<group>"; };
		9E62B1712ADD874000AC2AD2 /* AirbnbDetailView.swift */ = {isa = PBXFileReference; lastKnownFileType = sourcecode.swift; path = AirbnbDetailView.swift; sourceTree = "<group>"; };
		9E62B1732ADD877C00AC2AD2 /* AirbnbListingsResponse.swift */ = {isa = PBXFileReference; lastKnownFileType = sourcecode.swift; path = AirbnbListingsResponse.swift; sourceTree = "<group>"; };
		9E62B1752ADD879200AC2AD2 /* AirbnbListing.swift */ = {isa = PBXFileReference; lastKnownFileType = sourcecode.swift; path = AirbnbListing.swift; sourceTree = "<group>"; };
		9E62B1772ADD8E8800AC2AD2 /* AirbnbListingsViewViewModel.swift */ = {isa = PBXFileReference; lastKnownFileType = sourcecode.swift; path = AirbnbListingsViewViewModel.swift; sourceTree = "<group>"; };
/* End PBXFileReference section */

/* Begin PBXFrameworksBuildPhase section */
		9E62B1532ADD831A00AC2AD2 /* Frameworks */ = {
			isa = PBXFrameworksBuildPhase;
			buildActionMask = 2147483647;
			files = (
			);
			runOnlyForDeploymentPostprocessing = 0;
		};
/* End PBXFrameworksBuildPhase section */

/* Begin PBXGroup section */
		9E62B14D2ADD831A00AC2AD2 = {
			isa = PBXGroup;
			children = (
				9E62B1582ADD831A00AC2AD2 /* Airbnb */,
				9E62B1572ADD831A00AC2AD2 /* Products */,
			);
			sourceTree = "<group>";
		};
		9E62B1572ADD831A00AC2AD2 /* Products */ = {
			isa = PBXGroup;
			children = (
				9E62B1562ADD831A00AC2AD2 /* Airbnb.app */,
			);
			name = Products;
			sourceTree = "<group>";
		};
		9E62B1582ADD831A00AC2AD2 /* Airbnb */ = {
			isa = PBXGroup;
			children = (
				9E62B1672ADD850900AC2AD2 /* Services */,
				9E62B1692ADD851D00AC2AD2 /* Models */,
				9E62B1682ADD851400AC2AD2 /* ViewModels */,
				9E62B16A2ADD852400AC2AD2 /* View */,
				9E62B1592ADD831A00AC2AD2 /* AirbnbApp.swift */,
				9E62B15D2ADD831B00AC2AD2 /* Assets.xcassets */,
				9E62B15F2ADD831B00AC2AD2 /* Preview Content */,
			);
			path = Airbnb;
			sourceTree = "<group>";
		};
		9E62B15F2ADD831B00AC2AD2 /* Preview Content */ = {
			isa = PBXGroup;
			children = (
				9E62B1602ADD831B00AC2AD2 /* Preview Assets.xcassets */,
			);
			path = "Preview Content";
			sourceTree = "<group>";
		};
		9E62B1672ADD850900AC2AD2 /* Services */ = {
			isa = PBXGroup;
			children = (
				9E62B16B2ADD857700AC2AD2 /* APIService.swift */,
			);
			path = Services;
			sourceTree = "<group>";
		};
		9E62B1682ADD851400AC2AD2 /* ViewModels */ = {
			isa = PBXGroup;
			children = (
				9E62B1772ADD8E8800AC2AD2 /* AirbnbListingsViewViewModel.swift */,
			);
			path = ViewModels;
			sourceTree = "<group>";
		};
		9E62B1692ADD851D00AC2AD2 /* Models */ = {
			isa = PBXGroup;
			children = (
				9E62B1732ADD877C00AC2AD2 /* AirbnbListingsResponse.swift */,
				9E62B1752ADD879200AC2AD2 /* AirbnbListing.swift */,
			);
			path = Models;
			sourceTree = "<group>";
		};
		9E62B16A2ADD852400AC2AD2 /* View */ = {
			isa = PBXGroup;
			children = (
				9E62B15B2ADD831A00AC2AD2 /* ContentView.swift */,
				9E62B16D2ADD867D00AC2AD2 /* AirbnbListingsView.swift */,
				9E62B16F2ADD86CC00AC2AD2 /* AirbnbListingCardView.swift */,
				9E62B1712ADD874000AC2AD2 /* AirbnbDetailView.swift */,
			);
			path = View;
			sourceTree = "<group>";
		};
/* End PBXGroup section */

/* Begin PBXNativeTarget section */
		9E62B1552ADD831A00AC2AD2 /* Airbnb */ = {
			isa = PBXNativeTarget;
			buildConfigurationList = 9E62B1642ADD831B00AC2AD2 /* Build configuration list for PBXNativeTarget "Airbnb" */;
			buildPhases = (
				9E62B1522ADD831A00AC2AD2 /* Sources */,
				9E62B1532ADD831A00AC2AD2 /* Frameworks */,
				9E62B1542ADD831A00AC2AD2 /* Resources */,
			);
			buildRules = (
			);
			dependencies = (
			);
			name = Airbnb;
			productName = Airbnb;
			productReference = 9E62B1562ADD831A00AC2AD2 /* Airbnb.app */;
			productType = "com.apple.product-type.application";
		};
/* End PBXNativeTarget section */

/* Begin PBXProject section */
		9E62B14E2ADD831A00AC2AD2 /* Project object */ = {
			isa = PBXProject;
			attributes = {
				BuildIndependentTargetsInParallel = 1;
				LastSwiftUpdateCheck = 1500;
				LastUpgradeCheck = 1500;
				TargetAttributes = {
					9E62B1552ADD831A00AC2AD2 = {
						CreatedOnToolsVersion = 15.0;
					};
				};
			};
			buildConfigurationList = 9E62B1512ADD831A00AC2AD2 /* Build configuration list for PBXProject "Airbnb" */;
			compatibilityVersion = "Xcode 14.0";
			developmentRegion = en;
			hasScannedForEncodings = 0;
			knownRegions = (
				en,
				Base,
			);
			mainGroup = 9E62B14D2ADD831A00AC2AD2;
			productRefGroup = 9E62B1572ADD831A00AC2AD2 /* Products */;
			projectDirPath = "";
			projectRoot = "";
			targets = (
				9E62B1552ADD831A00AC2AD2 /* Airbnb */,
			);
		};
/* End PBXProject section */

/* Begin PBXResourcesBuildPhase section */
		9E62B1542ADD831A00AC2AD2 /* Resources */ = {
			isa = PBXResourcesBuildPhase;
			buildActionMask = 2147483647;
			files = (
				9E62B1612ADD831B00AC2AD2 /* Preview Assets.xcassets in Resources */,
				9E62B15E2ADD831B00AC2AD2 /* Assets.xcassets in Resources */,
			);
			runOnlyForDeploymentPostprocessing = 0;
		};
/* End PBXResourcesBuildPhase section */

/* Begin PBXSourcesBuildPhase section */
		9E62B1522ADD831A00AC2AD2 /* Sources */ = {
			isa = PBXSourcesBuildPhase;
			buildActionMask = 2147483647;
			files = (
				9E62B1742ADD877C00AC2AD2 /* AirbnbListingsResponse.swift in Sources */,
				9E62B15C2ADD831A00AC2AD2 /* ContentView.swift in Sources */,
				9E62B1722ADD874000AC2AD2 /* AirbnbDetailView.swift in Sources */,
				9E62B16E2ADD867D00AC2AD2 /* AirbnbListingsView.swift in Sources */,
				9E62B16C2ADD857700AC2AD2 /* APIService.swift in Sources */,
				9E62B1782ADD8E8800AC2AD2 /* AirbnbListingsViewViewModel.swift in Sources */,
				9E62B1702ADD86CC00AC2AD2 /* AirbnbListingCardView.swift in Sources */,
				9E62B1762ADD879200AC2AD2 /* AirbnbListing.swift in Sources */,
				9E62B15A2ADD831A00AC2AD2 /* AirbnbApp.swift in Sources */,
			);
			runOnlyForDeploymentPostprocessing = 0;
		};
/* End PBXSourcesBuildPhase section */

/* Begin XCBuildConfiguration section */
		9E62B1622ADD831B00AC2AD2 /* Debug */ = {
			isa = XCBuildConfiguration;
			buildSettings = {
				ALWAYS_SEARCH_USER_PATHS = NO;
				ASSETCATALOG_COMPILER_GENERATE_SWIFT_ASSET_SYMBOL_EXTENSIONS = YES;
				CLANG_ANALYZER_NONNULL = YES;
				CLANG_ANALYZER_NUMBER_OBJECT_CONVERSION = YES_AGGRESSIVE;
				CLANG_CXX_LANGUAGE_STANDARD = "gnu++20";
				CLANG_ENABLE_MODULES = YES;
				CLANG_ENABLE_OBJC_ARC = YES;
				CLANG_ENABLE_OBJC_WEAK = YES;
				CLANG_WARN_BLOCK_CAPTURE_AUTORELEASING = YES;
				CLANG_WARN_BOOL_CONVERSION = YES;
				CLANG_WARN_COMMA = YES;
				CLANG_WARN_CONSTANT_CONVERSION = YES;
				CLANG_WARN_DEPRECATED_OBJC_IMPLEMENTATIONS = YES;
				CLANG_WARN_DIRECT_OBJC_ISA_USAGE = YES_ERROR;
				CLANG_WARN_DOCUMENTATION_COMMENTS = YES;
				CLANG_WARN_EMPTY_BODY = YES;
				CLANG_WARN_ENUM_CONVERSION = YES;
				CLANG_WARN_INFINITE_RECURSION = YES;
				CLANG_WARN_INT_CONVERSION = YES;
				CLANG_WARN_NON_LITERAL_NULL_CONVERSION = YES;
				CLANG_WARN_OBJC_IMPLICIT_RETAIN_SELF = YES;
				CLANG_WARN_OBJC_LITERAL_CONVERSION = YES;
				CLANG_WARN_OBJC_ROOT_CLASS = YES_ERROR;
				CLANG_WARN_QUOTED_INCLUDE_IN_FRAMEWORK_HEADER = YES;
				CLANG_WARN_RANGE_LOOP_ANALYSIS = YES;
				CLANG_WARN_STRICT_PROTOTYPES = YES;
				CLANG_WARN_SUSPICIOUS_MOVE = YES;
				CLANG_WARN_UNGUARDED_AVAILABILITY = YES_AGGRESSIVE;
				CLANG_WARN_UNREACHABLE_CODE = YES;
				CLANG_WARN__DUPLICATE_METHOD_MATCH = YES;
				COPY_PHASE_STRIP = NO;
				DEBUG_INFORMATION_FORMAT = dwarf;
				ENABLE_STRICT_OBJC_MSGSEND = YES;
				ENABLE_TESTABILITY = YES;
				ENABLE_USER_SCRIPT_SANDBOXING = YES;
				GCC_C_LANGUAGE_STANDARD = gnu17;
				GCC_DYNAMIC_NO_PIC = NO;
				GCC_NO_COMMON_BLOCKS = YES;
				GCC_OPTIMIZATION_LEVEL = 0;
				GCC_PREPROCESSOR_DEFINITIONS = (
					"DEBUG=1",
					"$(inherited)",
				);
				GCC_WARN_64_TO_32_BIT_CONVERSION = YES;
				GCC_WARN_ABOUT_RETURN_TYPE = YES_ERROR;
				GCC_WARN_UNDECLARED_SELECTOR = YES;
				GCC_WARN_UNINITIALIZED_AUTOS = YES_AGGRESSIVE;
				GCC_WARN_UNUSED_FUNCTION = YES;
				GCC_WARN_UNUSED_VARIABLE = YES;
				IPHONEOS_DEPLOYMENT_TARGET = 17.0;
				LOCALIZATION_PREFERS_STRING_CATALOGS = YES;
				MTL_ENABLE_DEBUG_INFO = INCLUDE_SOURCE;
				MTL_FAST_MATH = YES;
				ONLY_ACTIVE_ARCH = YES;
				SDKROOT = iphoneos;
				SWIFT_ACTIVE_COMPILATION_CONDITIONS = "DEBUG $(inherited)";
				SWIFT_OPTIMIZATION_LEVEL = "-Onone";
			};
			name = Debug;
		};
		9E62B1632ADD831B00AC2AD2 /* Release */ = {
			isa = XCBuildConfiguration;
			buildSettings = {
				ALWAYS_SEARCH_USER_PATHS = NO;
				ASSETCATALOG_COMPILER_GENERATE_SWIFT_ASSET_SYMBOL_EXTENSIONS = YES;
				CLANG_ANALYZER_NONNULL = YES;
				CLANG_ANALYZER_NUMBER_OBJECT_CONVERSION = YES_AGGRESSIVE;
				CLANG_CXX_LANGUAGE_STANDARD = "gnu++20";
				CLANG_ENABLE_MODULES = YES;
				CLANG_ENABLE_OBJC_ARC = YES;
				CLANG_ENABLE_OBJC_WEAK = YES;
				CLANG_WARN_BLOCK_CAPTURE_AUTORELEASING = YES;
				CLANG_WARN_BOOL_CONVERSION = YES;
				CLANG_WARN_COMMA = YES;
				CLANG_WARN_CONSTANT_CONVERSION = YES;
				CLANG_WARN_DEPRECATED_OBJC_IMPLEMENTATIONS = YES;
				CLANG_WARN_DIRECT_OBJC_ISA_USAGE = YES_ERROR;
				CLANG_WARN_DOCUMENTATION_COMMENTS = YES;
				CLANG_WARN_EMPTY_BODY = YES;
				CLANG_WARN_ENUM_CONVERSION = YES;
				CLANG_WARN_INFINITE_RECURSION = YES;
				CLANG_WARN_INT_CONVERSION = YES;
				CLANG_WARN_NON_LITERAL_NULL_CONVERSION = YES;
				CLANG_WARN_OBJC_IMPLICIT_RETAIN_SELF = YES;
				CLANG_WARN_OBJC_LITERAL_CONVERSION = YES;
				CLANG_WARN_OBJC_ROOT_CLASS = YES_ERROR;
				CLANG_WARN_QUOTED_INCLUDE_IN_FRAMEWORK_HEADER = YES;
				CLANG_WARN_RANGE_LOOP_ANALYSIS = YES;
				CLANG_WARN_STRICT_PROTOTYPES = YES;
				CLANG_WARN_SUSPICIOUS_MOVE = YES;
				CLANG_WARN_UNGUARDED_AVAILABILITY = YES_AGGRESSIVE;
				CLANG_WARN_UNREACHABLE_CODE = YES;
				CLANG_WARN__DUPLICATE_METHOD_MATCH = YES;
				COPY_PHASE_STRIP = NO;
				DEBUG_INFORMATION_FORMAT = "dwarf-with-dsym";
				ENABLE_NS_ASSERTIONS = NO;
				ENABLE_STRICT_OBJC_MSGSEND = YES;
				ENABLE_USER_SCRIPT_SANDBOXING = YES;
				GCC_C_LANGUAGE_STANDARD = gnu17;
				GCC_NO_COMMON_BLOCKS = YES;
				GCC_WARN_64_TO_32_BIT_CONVERSION = YES;
				GCC_WARN_ABOUT_RETURN_TYPE = YES_ERROR;
				GCC_WARN_UNDECLARED_SELECTOR = YES;
				GCC_WARN_UNINITIALIZED_AUTOS = YES_AGGRESSIVE;
				GCC_WARN_UNUSED_FUNCTION = YES;
				GCC_WARN_UNUSED_VARIABLE = YES;
				IPHONEOS_DEPLOYMENT_TARGET = 17.0;
				LOCALIZATION_PREFERS_STRING_CATALOGS = YES;
				MTL_ENABLE_DEBUG_INFO = NO;
				MTL_FAST_MATH = YES;
				SDKROOT = iphoneos;
				SWIFT_COMPILATION_MODE = wholemodule;
				VALIDATE_PRODUCT = YES;
			};
			name = Release;
		};
		9E62B1652ADD831B00AC2AD2 /* Debug */ = {
			isa = XCBuildConfiguration;
			buildSettings = {
				ASSETCATALOG_COMPILER_APPICON_NAME = AppIcon;
				ASSETCATALOG_COMPILER_GLOBAL_ACCENT_COLOR_NAME = AccentColor;
				CODE_SIGN_STYLE = Automatic;
				CURRENT_PROJECT_VERSION = 1;
				DEVELOPMENT_ASSET_PATHS = "\"Airbnb/Preview Content\"";
				DEVELOPMENT_TEAM = W24A4VSSJA;
				ENABLE_PREVIEWS = YES;
				GENERATE_INFOPLIST_FILE = YES;
				INFOPLIST_KEY_UIApplicationSceneManifest_Generation = YES;
				INFOPLIST_KEY_UIApplicationSupportsIndirectInputEvents = YES;
				INFOPLIST_KEY_UILaunchScreen_Generation = YES;
				INFOPLIST_KEY_UISupportedInterfaceOrientations_iPad = "UIInterfaceOrientationPortrait UIInterfaceOrientationPortraitUpsideDown UIInterfaceOrientationLandscapeLeft UIInterfaceOrientationLandscapeRight";
				INFOPLIST_KEY_UISupportedInterfaceOrientations_iPhone = "UIInterfaceOrientationPortrait UIInterfaceOrientationLandscapeLeft UIInterfaceOrientationLandscapeRight";
				LD_RUNPATH_SEARCH_PATHS = (
					"$(inherited)",
					"@executable_path/Frameworks",
				);
				MARKETING_VERSION = 1.0;
				PRODUCT_BUNDLE_IDENTIFIER = iosacademy.Airbnb;
				PRODUCT_NAME = "$(TARGET_NAME)";
				SWIFT_EMIT_LOC_STRINGS = YES;
				SWIFT_VERSION = 5.0;
				TARGETED_DEVICE_FAMILY = "1,2";
			};
			name = Debug;
		};
		9E62B1662ADD831B00AC2AD2 /* Release */ = {
			isa = XCBuildConfiguration;
			buildSettings = {
				ASSETCATALOG_COMPILER_APPICON_NAME = AppIcon;
				ASSETCATALOG_COMPILER_GLOBAL_ACCENT_COLOR_NAME = AccentColor;
				CODE_SIGN_STYLE = Automatic;
				CURRENT_PROJECT_VERSION = 1;
				DEVELOPMENT_ASSET_PATHS = "\"Airbnb/Preview Content\"";
				DEVELOPMENT_TEAM = W24A4VSSJA;
				ENABLE_PREVIEWS = YES;
				GENERATE_INFOPLIST_FILE = YES;
				INFOPLIST_KEY_UIApplicationSceneManifest_Generation = YES;
				INFOPLIST_KEY_UIApplicationSupportsIndirectInputEvents = YES;
				INFOPLIST_KEY_UILaunchScreen_Generation = YES;
				INFOPLIST_KEY_UISupportedInterfaceOrientations_iPad = "UIInterfaceOrientationPortrait UIInterfaceOrientationPortraitUpsideDown UIInterfaceOrientationLandscapeLeft UIInterfaceOrientationLandscapeRight";
				INFOPLIST_KEY_UISupportedInterfaceOrientations_iPhone = "UIInterfaceOrientationPortrait UIInterfaceOrientationLandscapeLeft UIInterfaceOrientationLandscapeRight";
				LD_RUNPATH_SEARCH_PATHS = (
					"$(inherited)",
					"@executable_path/Frameworks",
				);
				MARKETING_VERSION = 1.0;
				PRODUCT_BUNDLE_IDENTIFIER = iosacademy.Airbnb;
				PRODUCT_NAME = "$(TARGET_NAME)";
				SWIFT_EMIT_LOC_STRINGS = YES;
				SWIFT_VERSION = 5.0;
				TARGETED_DEVICE_FAMILY = "1,2";
			};
			name = Release;
		};
/* End XCBuildConfiguration section */

/* Begin XCConfigurationList section */
		9E62B1512ADD831A00AC2AD2 /* Build configuration list for PBXProject "Airbnb" */ = {
			isa = XCConfigurationList;
			buildConfigurations = (
				9E62B1622ADD831B00AC2AD2 /* Debug */,
				9E62B1632ADD831B00AC2AD2 /* Release */,
			);
			defaultConfigurationIsVisible = 0;
			defaultConfigurationName = Release;
		};
		9E62B1642ADD831B00AC2AD2 /* Build configuration list for PBXNativeTarget "Airbnb" */ = {
			isa = XCConfigurationList;
			buildConfigurations = (
				9E62B1652ADD831B00AC2AD2 /* Debug */,
				9E62B1662ADD831B00AC2AD2 /* Release */,
			);
			defaultConfigurationIsVisible = 0;
			defaultConfigurationName = Release;
		};
/* End XCConfigurationList section */
	};
	rootObject = 9E62B14E2ADD831A00AC2AD2 /* Project object */;
}
